
Microsoft Visual Studio Solution File, Format Version 12.00
# Visual Studio Version 17
VisualStudioVersion = 17.8.34322.80
MinimumVisualStudioVersion = 10.0.40219.1
Project("{8BC9CEB8-8B4A-11D0-8D11-00A0C91BC942}") = "Lab1-joapineda22-Windows", "Lab1-joapineda22-Windows.vcxproj", "{EFDBF220-E275-4611-B094-1770EE9CCAA9}"
EndProject
Global
	GlobalSection(SolutionConfigurationPlatforms) = preSolution
		Debug|x64 = Debug|x64
		Debug|x86 = Debug|x86
		Release|x64 = Release|x64
		Release|x86 = Release|x86
	EndGlobalSection
	GlobalSection(ProjectConfigurationPlatforms) = postSolution
		{EFDBF220-E275-4611-B094-1770EE9CCAA9}.Debug|x64.ActiveCfg = Debug|x64
		{EFDBF220-E275-4611-B094-1770EE9CCAA9}.Debug|x64.Build.0 = Debug|x64
		{EFDBF220-E275-4611-B094-1770EE9CCAA9}.Debug|x86.ActiveCfg = Debug|Win32
		{EFDBF220-E275-4611-B094-1770EE9CCAA9}.Debug|x86.Build.0 = Debug|Win32
		{EFDBF220-E275-4611-B094-1770EE9CCAA9}.Release|x64.ActiveCfg = Release|x64
		{EFDBF220-E275-4611-B094-1770EE9CCAA9}.Release|x64.Build.0 = Release|x64
		{EFDBF220-E275-4611-B094-1770EE9CCAA9}.Release|x86.ActiveCfg = Release|Win32
		{EFDBF220-E275-4611-B094-1770EE9CCAA9}.Release|x86.Build.0 = Release|Win32
	EndGlobalSection
	GlobalSection(SolutionProperties) = preSolution
		HideSolutionNode = FALSE
	EndGlobalSection
	GlobalSection(ExtensibilityGlobals) = postSolution
		SolutionGuid = {22616F04-C5A0-46D1-B87A-B80930D7345F}
	EndGlobalSection
EndGlobal
